<?xml version="1.0" encoding="utf-8"?>
<Project ToolsVersion="4.0" xmlns="http://schemas.microsoft.com/developer/msbuild/2003">
  <ItemGroup>
    <Filter Include="소스 파일">
      <UniqueIdentifier>{4FC737F1-C7A5-4376-A066-2A32D752A2FF}</UniqueIdentifier>
      <Extensions>cpp;c;cc;cxx;def;odl;idl;hpj;bat;asm;asmx</Extensions>
    </Filter>
    <Filter Include="헤더 파일">
      <UniqueIdentifier>{93995380-89BD-4b04-88EB-625FBE52EBFB}</UniqueIdentifier>
      <Extensions>h;hh;hpp;hxx;hm;inl;inc;xsd</Extensions>
    </Filter>
    <Filter Include="리소스 파일">
      <UniqueIdentifier>{67DA6AB6-F800-4c08-8B7A-83BB121AAD01}</UniqueIdentifier>
      <Extensions>rc;ico;cur;bmp;dlg;rc2;rct;bin;rgs;gif;jpg;jpeg;jpe;resx;tiff;tif;png;wav;mfcribbon-ms</Extensions>
    </Filter>
  </ItemGroup>
  <ItemGroup>
    <ClCompile Include="main.c">
      <Filter>소스 파일</Filter>
    </ClCompile>
    <ClCompile Include="P01_01.c">
      <Filter>소스 파일</Filter>
    </ClCompile>
    <ClCompile Include="P02_01.c">
      <Filter>소스 파일</Filter>
    </ClCompile>
    <ClCompile Include="P02_02.c">
      <Filter>소스 파일</Filter>
    </ClCompile>
    <ClCompile Include="P02_03.c">
      <Filter>소스 파일</Filter>
    </ClCompile>
    <ClCompile Include="P03_01.c">
      <Filter>소스 파일</Filter>
    </ClCompile>
    <ClCompile Include="P03_02.c">
      <Filter>소스 파일</Filter>
    </ClCompile>
    <ClCompile Include="P03_03.c">
      <Filter>소스 파일</Filter>
    </ClCompile>
    <ClCompile Include="P03_04.c">
      <Filter>소스 파일</Filter>
    </ClCompile>
    <ClCompile Include="P03_05.c">
      <Filter>소스 파일</Filter>
    </ClCompile>
    <ClCompile Include="P03_06.c">
      <Filter>소스 파일</Filter>
    </ClCompile>
    <ClCompile Include="P03_07.c">
      <Filter>소스 파일</Filter>
    </ClCompile>
    <ClCompile Include="P03_08.c">
      <Filter>소스 파일</Filter>
    </ClCompile>
    <ClCompile Include="P03_09.c">
      <Filter>소스 파일</Filter>
    </ClCompile>
    <ClCompile Include="P03_10.c">
      <Filter>소스 파일</Filter>
    </ClCompile>
    <ClCompile Include="P03_11.c">
      <Filter>소스 파일</Filter>
    </ClCompile>
    <ClCompile Include="P03_12.c">
      <Filter>소스 파일</Filter>
    </ClCompile>
    <ClCompile Include="P03_13.c">
      <Filter>소스 파일</Filter>
    </ClCompile>
    <ClCompile Include="P04_01.c">
      <Filter>소스 파일</Filter>
    </ClCompile>
    <ClCompile Include="P04_02.c">
      <Filter>소스 파일</Filter>
    </ClCompile>
    <ClCompile Include="P04_03.c">
      <Filter>소스 파일</Filter>
    </ClCompile>
    <ClCompile Include="P04_04.c">
      <Filter>소스 파일</Filter>
    </ClCompile>
    <ClCompile Include="P04_05.c">
      <Filter>소스 파일</Filter>
    </ClCompile>
    <ClCompile Include="P04_06.c">
      <Filter>소스 파일</Filter>
    </ClCompile>
    <ClCompile Include="P04_07.c">
      <Filter>소스 파일</Filter>
    </ClCompile>
    <ClCompile Include="P04_08.c">
      <Filter>소스 파일</Filter>
    </ClCompile>
    <ClCompile Include="P05_01.c">
      <Filter>소스 파일</Filter>
    </ClCompile>
    <ClCompile Include="P05_02.c">
      <Filter>소스 파일</Filter>
    </ClCompile>
    <ClCompile Include="P05_03.c">
      <Filter>소스 파일</Filter>
    </ClCompile>
    <ClCompile Include="P05_04.c">
      <Filter>소스 파일</Filter>
    </ClCompile>
    <ClCompile Include="P05_05.c">
      <Filter>소스 파일</Filter>
    </ClCompile>
    <ClCompile Include="P05_06.c">
      <Filter>소스 파일</Filter>
    </ClCompile>
    <ClCompile Include="P05_07.c">
      <Filter>소스 파일</Filter>
    </ClCompile>
    <ClCompile Include="P06_01.c">
      <Filter>소스 파일</Filter>
    </ClCompile>
    <ClCompile Include="P06_02.c">
      <Filter>소스 파일</Filter>
    </ClCompile>
    <ClCompile Include="P06_03.c">
      <Filter>소스 파일</Filter>
    </ClCompile>
    <ClCompile Include="P06_04.c">
      <Filter>소스 파일</Filter>
    </ClCompile>
    <ClCompile Include="P06_05.c">
      <Filter>소스 파일</Filter>
    </ClCompile>
    <ClCompile Include="P06_06.c">
      <Filter>소스 파일</Filter>
    </ClCompile>
    <ClCompile Include="P06_07.c">
      <Filter>소스 파일</Filter>
    </ClCompile>
    <ClCompile Include="P06_08.c">
      <Filter>소스 파일</Filter>
    </ClCompile>
    <ClCompile Include="P06_09.c">
      <Filter>소스 파일</Filter>
    </ClCompile>
    <ClCompile Include="P07_01.c">
      <Filter>소스 파일</Filter>
    </ClCompile>
    <ClCompile Include="P07_02.c">
      <Filter>소스 파일</Filter>
    </ClCompile>
    <ClCompile Include="P07_03.c">
      <Filter>소스 파일</Filter>
    </ClCompile>
    <ClCompile Include="P07_04.c">
      <Filter>소스 파일</Filter>
    </ClCompile>
    <ClCompile Include="P07_05.c">
      <Filter>소스 파일</Filter>
    </ClCompile>
    <ClCompile Include="P07_06.c">
      <Filter>소스 파일</Filter>
    </ClCompile>
    <ClCompile Include="P07_07.c">
      <Filter>소스 파일</Filter>
    </ClCompile>
    <ClCompile Include="P07_08.c">
      <Filter>소스 파일</Filter>
    </ClCompile>
    <ClCompile Include="P08_01.c">
      <Filter>소스 파일</Filter>
    </ClCompile>
    <ClCompile Include="P08_02.c">
      <Filter>소스 파일</Filter>
    </ClCompile>
    <ClCompile Include="P08_03.c">
      <Filter>소스 파일</Filter>
    </ClCompile>
    <ClCompile Include="P08_04.c">
      <Filter>소스 파일</Filter>
    </ClCompile>
    <ClCompile Include="P08_05.c">
      <Filter>소스 파일</Filter>
    </ClCompile>
    <ClCompile Include="P08_06.c">
      <Filter>소스 파일</Filter>
    </ClCompile>
    <ClCompile Include="P08_07.c">
      <Filter>소스 파일</Filter>
    </ClCompile>
    <ClCompile Include="P08_08.c">
      <Filter>소스 파일</Filter>
    </ClCompile>
    <ClCompile Include="P08_09.c">
      <Filter>소스 파일</Filter>
    </ClCompile>
    <ClCompile Include="P08_10.c">
      <Filter>소스 파일</Filter>
    </ClCompile>
    <ClCompile Include="P08_11.c">
      <Filter>소스 파일</Filter>
    </ClCompile>
    <ClCompile Include="P09_01.c">
      <Filter>소스 파일</Filter>
    </ClCompile>
    <ClCompile Include="P09_02.c">
      <Filter>소스 파일</Filter>
    </ClCompile>
    <ClCompile Include="P09_03.c">
      <Filter>소스 파일</Filter>
    </ClCompile>
    <ClCompile Include="P09_04.c">
      <Filter>소스 파일</Filter>
    </ClCompile>
    <ClCompile Include="P09_05.c">
      <Filter>소스 파일</Filter>
    </ClCompile>
    <ClCompile Include="P09_06.c">
      <Filter>소스 파일</Filter>
    </ClCompile>
    <ClCompile Include="P09_07.c">
      <Filter>소스 파일</Filter>
    </ClCompile>
    <ClCompile Include="P09_08.c">
      <Filter>소스 파일</Filter>
    </ClCompile>
    <ClCompile Include="P09_09.c">
      <Filter>소스 파일</Filter>
    </ClCompile>
    <ClCompile Include="P09_10.c">
      <Filter>소스 파일</Filter>
    </ClCompile>
    <ClCompile Include="P09_11.c">
      <Filter>소스 파일</Filter>
    </ClCompile>
    <ClCompile Include="P09_12.c">
      <Filter>소스 파일</Filter>
    </ClCompile>
    <ClCompile Include="P09_13.c">
      <Filter>소스 파일</Filter>
    </ClCompile>
    <ClCompile Include="P10_01.c">
      <Filter>소스 파일</Filter>
    </ClCompile>
    <ClCompile Include="P10_02.c">
      <Filter>소스 파일</Filter>
    </ClCompile>
    <ClCompile Include="P10_03.c">
      <Filter>소스 파일</Filter>
    </ClCompile>
    <ClCompile Include="P10_04.c">
      <Filter>소스 파일</Filter>
    </ClCompile>
    <ClCompile Include="P10_05.c">
      <Filter>소스 파일</Filter>
    </ClCompile>
    <ClCompile Include="P11_01.c">
      <Filter>소스 파일</Filter>
    </ClCompile>
    <ClCompile Include="P12_01.c">
      <Filter>소스 파일</Filter>
    </ClCompile>
    <ClCompile Include="P12_02.c">
      <Filter>소스 파일</Filter>
    </ClCompile>
    <ClCompile Include="P12_03.c">
      <Filter>소스 파일</Filter>
    </ClCompile>
    <ClCompile Include="P12_04.c">
      <Filter>소스 파일</Filter>
    </ClCompile>
    <ClCompile Include="P12_05.c">
      <Filter>소스 파일</Filter>
    </ClCompile>
    <ClCompile Include="P12_06.c">
      <Filter>소스 파일</Filter>
    </ClCompile>
    <ClCompile Include="P12_07.c">
      <Filter>소스 파일</Filter>
    </ClCompile>
    <ClCompile Include="P12_08.c">
      <Filter>소스 파일</Filter>
    </ClCompile>
    <ClCompile Include="P13_01.c">
      <Filter>소스 파일</Filter>
    </ClCompile>
    <ClCompile Include="P13_02.c">
      <Filter>소스 파일</Filter>
    </ClCompile>
    <ClCompile Include="P13_03.c">
      <Filter>소스 파일</Filter>
    </ClCompile>
    <ClCompile Include="P13_04.c">
      <Filter>소스 파일</Filter>
    </ClCompile>
    <ClCompile Include="P14_01.c">
      <Filter>소스 파일</Filter>
    </ClCompile>
    <ClCompile Include="P15_01.c">
      <Filter>소스 파일</Filter>
    </ClCompile>
    <ClCompile Include="P15_02.c">
      <Filter>소스 파일</Filter>
    </ClCompile>
    <ClCompile Include="P15_03.c">
      <Filter>소스 파일</Filter>
    </ClCompile>
    <ClCompile Include="P15_04.c">
      <Filter>소스 파일</Filter>
    </ClCompile>
    <ClCompile Include="P15_05.c">
      <Filter>소스 파일</Filter>
    </ClCompile>
    <ClCompile Include="P15_06.c">
      <Filter>소스 파일</Filter>
    </ClCompile>
    <ClCompile Include="P16_01.c">
      <Filter>소스 파일</Filter>
    </ClCompile>
    <ClCompile Include="P16_02.c">
      <Filter>소스 파일</Filter>
    </ClCompile>
    <ClCompile Include="P16_03.c">
      <Filter>소스 파일</Filter>
    </ClCompile>
    <ClCompile Include="P16_04.c">
      <Filter>소스 파일</Filter>
    </ClCompile>
    <ClCompile Include="P16_05.c">
      <Filter>소스 파일</Filter>
    </ClCompile>
    <ClCompile Include="P17_01.c">
      <Filter>소스 파일</Filter>
    </ClCompile>
    <ClCompile Include="P17_02.c">
      <Filter>소스 파일</Filter>
    </ClCompile>
    <ClCompile Include="P17_03.c">
      <Filter>소스 파일</Filter>
    </ClCompile>
    <ClCompile Include="P17_04.c">
      <Filter>소스 파일</Filter>
    </ClCompile>
    <ClCompile Include="P17_05.c">
      <Filter>소스 파일</Filter>
    </ClCompile>
    <ClCompile Include="P17_06.c">
      <Filter>소스 파일</Filter>
    </ClCompile>
    <ClCompile Include="P18_01.c">
      <Filter>소스 파일</Filter>
    </ClCompile>
    <ClCompile Include="P18_02.c">
      <Filter>소스 파일</Filter>
    </ClCompile>
    <ClCompile Include="P18_03.c">
      <Filter>소스 파일</Filter>
    </ClCompile>
    <ClCompile Include="P18_04.c">
      <Filter>소스 파일</Filter>
    </ClCompile>
    <ClCompile Include="P18_05.c">
      <Filter>소스 파일</Filter>
    </ClCompile>
    <ClCompile Include="P18_06.c">
      <Filter>소스 파일</Filter>
    </ClCompile>
    <ClCompile Include="P19_01.c">
      <Filter>소스 파일</Filter>
    </ClCompile>
    <ClCompile Include="P19_02.c">
      <Filter>소스 파일</Filter>
    </ClCompile>
    <ClCompile Include="P19_03.c">
      <Filter>소스 파일</Filter>
    </ClCompile>
    <ClCompile Include="P20_01.c">
      <Filter>소스 파일</Filter>
    </ClCompile>
    <ClCompile Include="P20_02.c">
      <Filter>소스 파일</Filter>
    </ClCompile>
    <ClCompile Include="P20_03.c">
      <Filter>소스 파일</Filter>
    </ClCompile>
    <ClCompile Include="P20_04.c">
      <Filter>소스 파일</Filter>
    </ClCompile>
    <ClCompile Include="P20_05.c">
      <Filter>소스 파일</Filter>
    </ClCompile>
    <ClCompile Include="P20_06.c">
      <Filter>소스 파일</Filter>
    </ClCompile>
    <ClCompile Include="P20_07.c">
      <Filter>소스 파일</Filter>
    </ClCompile>
    <ClCompile Include="P20_08.c">
      <Filter>소스 파일</Filter>
    </ClCompile>
    <ClCompile Include="P20_09.c">
      <Filter>소스 파일</Filter>
    </ClCompile>
    <ClCompile Include="P20_10.c">
      <Filter>소스 파일</Filter>
    </ClCompile>
    <ClCompile Include="P20_11.c">
      <Filter>소스 파일</Filter>
    </ClCompile>
    <ClCompile Include="P21_01.c">
      <Filter>소스 파일</Filter>
    </ClCompile>
    <ClCompile Include="P21_02.c">
      <Filter>소스 파일</Filter>
    </ClCompile>
    <ClCompile Include="P21_03.c">
      <Filter>소스 파일</Filter>
    </ClCompile>
    <ClCompile Include="P21_04.c">
      <Filter>소스 파일</Filter>
    </ClCompile>
    <ClCompile Include="P21_05.c">
      <Filter>소스 파일</Filter>
    </ClCompile>
    <ClCompile Include="P21_06.c">
      <Filter>소스 파일</Filter>
    </ClCompile>
    <ClCompile Include="P21_07.c">
      <Filter>소스 파일</Filter>
    </ClCompile>
    <ClCompile Include="P21_08.c">
      <Filter>소스 파일</Filter>
    </ClCompile>
    <ClCompile Include="P21_09.c">
      <Filter>소스 파일</Filter>
    </ClCompile>
    <ClCompile Include="P22_01.c">
      <Filter>소스 파일</Filter>
    </ClCompile>
    <ClCompile Include="P22_02.c">
      <Filter>소스 파일</Filter>
    </ClCompile>
    <ClCompile Include="P22_03.c">
      <Filter>소스 파일</Filter>
    </ClCompile>
    <ClCompile Include="P22_04.c">
      <Filter>소스 파일</Filter>
    </ClCompile>
    <ClCompile Include="P22_05.c">
      <Filter>소스 파일</Filter>
    </ClCompile>
    <ClCompile Include="P22_06.c">
      <Filter>소스 파일</Filter>
    </ClCompile>
    <ClCompile Include="P22_07.c">
      <Filter>소스 파일</Filter>
    </ClCompile>
    <ClCompile Include="P22_08.c">
      <Filter>소스 파일</Filter>
    </ClCompile>
    <ClCompile Include="P22_09.c">
      <Filter>소스 파일</Filter>
    </ClCompile>
    <ClCompile Include="P22_10.c">
      <Filter>소스 파일</Filter>
    </ClCompile>
    <ClCompile Include="P22_11.c">
      <Filter>소스 파일</Filter>
    </ClCompile>
    <ClCompile Include="P22_12.c">
      <Filter>소스 파일</Filter>
    </ClCompile>
    <ClCompile Include="P22_13.c">
      <Filter>소스 파일</Filter>
    </ClCompile>
    <ClCompile Include="P23_01.c">
      <Filter>소스 파일</Filter>
    </ClCompile>
    <ClCompile Include="P23_02.c">
      <Filter>소스 파일</Filter>
    </ClCompile>
    <ClCompile Include="P23_03.c">
      <Filter>소스 파일</Filter>
    </ClCompile>
    <ClCompile Include="P23_04.c">
      <Filter>소스 파일</Filter>
    </ClCompile>
    <ClCompile Include="P23_05.c">
      <Filter>소스 파일</Filter>
    </ClCompile>
    <ClCompile Include="P23_06.c">
      <Filter>소스 파일</Filter>
    </ClCompile>
    <ClCompile Include="P23_07.c">
      <Filter>소스 파일</Filter>
    </ClCompile>
    <ClCompile Include="P23_08.c">
      <Filter>소스 파일</Filter>
    </ClCompile>
    <ClCompile Include="P23_09.c">
      <Filter>소스 파일</Filter>
    </ClCompile>
    <ClCompile Include="P23_10.c">
      <Filter>소스 파일</Filter>
    </ClCompile>
    <ClCompile Include="P23_11.c">
      <Filter>소스 파일</Filter>
    </ClCompile>
    <ClCompile Include="P23_12.c">
      <Filter>소스 파일</Filter>
    </ClCompile>
    <ClCompile Include="P24_01.c">
      <Filter>소스 파일</Filter>
    </ClCompile>
    <ClCompile Include="P24_02.c">
      <Filter>소스 파일</Filter>
    </ClCompile>
    <ClCompile Include="P24_03.c">
      <Filter>소스 파일</Filter>
    </ClCompile>
    <ClCompile Include="P24_04.c">
      <Filter>소스 파일</Filter>
    </ClCompile>
    <ClCompile Include="P25_01.c">
      <Filter>소스 파일</Filter>
    </ClCompile>
    <ClCompile Include="P25_02.c">
      <Filter>소스 파일</Filter>
    </ClCompile>
    <ClCompile Include="P25_03.c">
      <Filter>소스 파일</Filter>
    </ClCompile>
    <ClCompile Include="P25_04.c">
      <Filter>소스 파일</Filter>
    </ClCompile>
    <ClCompile Include="P25_05.c">
      <Filter>소스 파일</Filter>
    </ClCompile>
    <ClCompile Include="P25_06.c">
      <Filter>소스 파일</Filter>
    </ClCompile>
    <ClCompile Include="P25_07.c">
      <Filter>소스 파일</Filter>
    </ClCompile>
    <ClCompile Include="P25_08.c">
      <Filter>소스 파일</Filter>
    </ClCompile>
    <ClCompile Include="P25_09.c">
      <Filter>소스 파일</Filter>
    </ClCompile>
    <ClCompile Include="P25_10.c">
      <Filter>소스 파일</Filter>
    </ClCompile>
  </ItemGroup>
</Project>