<?xml version="1.0" encoding="utf-8"?>
<Project ToolsVersion="4.0" xmlns="http://schemas.microsoft.com/developer/msbuild/2003">
  <ItemGroup>
    <Filter Include="소스 파일">
      <UniqueIdentifier>{4FC737F1-C7A5-4376-A066-2A32D752A2FF}</UniqueIdentifier>
      <Extensions>cpp;c;cc;cxx;def;odl;idl;hpj;bat;asm;asmx</Extensions>
    </Filter>
    <Filter Include="헤더 파일">
      <UniqueIdentifier>{93995380-89BD-4b04-88EB-625FBE52EBFB}</UniqueIdentifier>
      <Extensions>h;hh;hpp;hxx;hm;inl;inc;xsd</Extensions>
    </Filter>
    <Filter Include="리소스 파일">
      <UniqueIdentifier>{67DA6AB6-F800-4c08-8B7A-83BB121AAD01}</UniqueIdentifier>
      <Extensions>rc;ico;cur;bmp;dlg;rc2;rct;bin;rgs;gif;jpg;jpeg;jpe;resx;tiff;tif;png;wav;mfcribbon-ms</Extensions>
    </Filter>
  </ItemGroup>
  <ItemGroup>
    <ClCompile Include="main.c">
      <Filter>소스 파일</Filter>
    </ClCompile>
    <ClCompile Include="P001_001.c">
      <Filter>소스 파일</Filter>
    </ClCompile>
    <ClCompile Include="P002_001.c">
      <Filter>소스 파일</Filter>
    </ClCompile>
    <ClCompile Include="P002_002.c">
      <Filter>소스 파일</Filter>
    </ClCompile>
    <ClCompile Include="P002_003.c">
      <Filter>소스 파일</Filter>
    </ClCompile>
    <ClCompile Include="P003_001.c">
      <Filter>소스 파일</Filter>
    </ClCompile>
    <ClCompile Include="P003_002.c">
      <Filter>소스 파일</Filter>
    </ClCompile>
    <ClCompile Include="P003_003.c">
      <Filter>소스 파일</Filter>
    </ClCompile>
    <ClCompile Include="P003_004.c">
      <Filter>소스 파일</Filter>
    </ClCompile>
    <ClCompile Include="P003_005.c">
      <Filter>소스 파일</Filter>
    </ClCompile>
    <ClCompile Include="P003_006.c">
      <Filter>소스 파일</Filter>
    </ClCompile>
    <ClCompile Include="P003_007.c">
      <Filter>소스 파일</Filter>
    </ClCompile>
    <ClCompile Include="P003_008.c">
      <Filter>소스 파일</Filter>
    </ClCompile>
    <ClCompile Include="P003_009.c">
      <Filter>소스 파일</Filter>
    </ClCompile>
    <ClCompile Include="P003_010.c">
      <Filter>소스 파일</Filter>
    </ClCompile>
    <ClCompile Include="P003_011.c">
      <Filter>소스 파일</Filter>
    </ClCompile>
    <ClCompile Include="P003_012.c">
      <Filter>소스 파일</Filter>
    </ClCompile>
    <ClCompile Include="P003_013.c">
      <Filter>소스 파일</Filter>
    </ClCompile>
    <ClCompile Include="P004_001.c">
      <Filter>소스 파일</Filter>
    </ClCompile>
    <ClCompile Include="P004_002.c">
      <Filter>소스 파일</Filter>
    </ClCompile>
    <ClCompile Include="P004_003.c">
      <Filter>소스 파일</Filter>
    </ClCompile>
    <ClCompile Include="P004_004.c">
      <Filter>소스 파일</Filter>
    </ClCompile>
    <ClCompile Include="P004_005.c">
      <Filter>소스 파일</Filter>
    </ClCompile>
    <ClCompile Include="P004_006.c">
      <Filter>소스 파일</Filter>
    </ClCompile>
    <ClCompile Include="P004_007.c">
      <Filter>소스 파일</Filter>
    </ClCompile>
    <ClCompile Include="P004_008.c">
      <Filter>소스 파일</Filter>
    </ClCompile>
    <ClCompile Include="P005_001.c">
      <Filter>소스 파일</Filter>
    </ClCompile>
    <ClCompile Include="P005_002.c">
      <Filter>소스 파일</Filter>
    </ClCompile>
    <ClCompile Include="P005_003.c">
      <Filter>소스 파일</Filter>
    </ClCompile>
    <ClCompile Include="P005_004.c">
      <Filter>소스 파일</Filter>
    </ClCompile>
    <ClCompile Include="P005_005.c">
      <Filter>소스 파일</Filter>
    </ClCompile>
    <ClCompile Include="P005_006.c">
      <Filter>소스 파일</Filter>
    </ClCompile>
    <ClCompile Include="P005_007.c">
      <Filter>소스 파일</Filter>
    </ClCompile>
    <ClCompile Include="P006_001.c">
      <Filter>소스 파일</Filter>
    </ClCompile>
    <ClCompile Include="P006_002.c">
      <Filter>소스 파일</Filter>
    </ClCompile>
    <ClCompile Include="P006_003.c">
      <Filter>소스 파일</Filter>
    </ClCompile>
    <ClCompile Include="P006_004.c">
      <Filter>소스 파일</Filter>
    </ClCompile>
    <ClCompile Include="P006_005.c">
      <Filter>소스 파일</Filter>
    </ClCompile>
    <ClCompile Include="P006_006.c">
      <Filter>소스 파일</Filter>
    </ClCompile>
    <ClCompile Include="P006_007.c">
      <Filter>소스 파일</Filter>
    </ClCompile>
    <ClCompile Include="P006_008.c">
      <Filter>소스 파일</Filter>
    </ClCompile>
    <ClCompile Include="P006_009.c">
      <Filter>소스 파일</Filter>
    </ClCompile>
    <ClCompile Include="P007_001.c">
      <Filter>소스 파일</Filter>
    </ClCompile>
    <ClCompile Include="P007_002.c">
      <Filter>소스 파일</Filter>
    </ClCompile>
    <ClCompile Include="P007_004.c">
      <Filter>소스 파일</Filter>
    </ClCompile>
    <ClCompile Include="P007_003.c">
      <Filter>소스 파일</Filter>
    </ClCompile>
    <ClCompile Include="P007_005.c">
      <Filter>소스 파일</Filter>
    </ClCompile>
    <ClCompile Include="P007_006.c">
      <Filter>소스 파일</Filter>
    </ClCompile>
    <ClCompile Include="P007_007.c">
      <Filter>소스 파일</Filter>
    </ClCompile>
    <ClCompile Include="P007_008.c">
      <Filter>소스 파일</Filter>
    </ClCompile>
    <ClCompile Include="P008_001.c">
      <Filter>소스 파일</Filter>
    </ClCompile>
    <ClCompile Include="P008_002.c">
      <Filter>소스 파일</Filter>
    </ClCompile>
    <ClCompile Include="P008_003.c">
      <Filter>소스 파일</Filter>
    </ClCompile>
    <ClCompile Include="P008_004.c">
      <Filter>소스 파일</Filter>
    </ClCompile>
    <ClCompile Include="P008_005.c">
      <Filter>소스 파일</Filter>
    </ClCompile>
    <ClCompile Include="P008_006.c">
      <Filter>소스 파일</Filter>
    </ClCompile>
    <ClCompile Include="P008_007.c">
      <Filter>소스 파일</Filter>
    </ClCompile>
    <ClCompile Include="P008_008.c">
      <Filter>소스 파일</Filter>
    </ClCompile>
    <ClCompile Include="P008_009.c">
      <Filter>소스 파일</Filter>
    </ClCompile>
    <ClCompile Include="P008_010.c">
      <Filter>소스 파일</Filter>
    </ClCompile>
    <ClCompile Include="P008_011.c">
      <Filter>소스 파일</Filter>
    </ClCompile>
    <ClCompile Include="P009_001.c">
      <Filter>소스 파일</Filter>
    </ClCompile>
    <ClCompile Include="P009_002.c">
      <Filter>소스 파일</Filter>
    </ClCompile>
    <ClCompile Include="P009_003.c">
      <Filter>소스 파일</Filter>
    </ClCompile>
    <ClCompile Include="P009_004.c">
      <Filter>소스 파일</Filter>
    </ClCompile>
    <ClCompile Include="P009_005.c">
      <Filter>소스 파일</Filter>
    </ClCompile>
    <ClCompile Include="P009_006.c">
      <Filter>소스 파일</Filter>
    </ClCompile>
    <ClCompile Include="P009_007.c">
      <Filter>소스 파일</Filter>
    </ClCompile>
    <ClCompile Include="P009_008.c">
      <Filter>소스 파일</Filter>
    </ClCompile>
    <ClCompile Include="P009_009.c">
      <Filter>소스 파일</Filter>
    </ClCompile>
    <ClCompile Include="P009_010.c">
      <Filter>소스 파일</Filter>
    </ClCompile>
    <ClCompile Include="P010_001.c">
      <Filter>소스 파일</Filter>
    </ClCompile>
    <ClCompile Include="P010_002.c">
      <Filter>소스 파일</Filter>
    </ClCompile>
    <ClCompile Include="P010_003.c">
      <Filter>소스 파일</Filter>
    </ClCompile>
    <ClCompile Include="P010_004.c">
      <Filter>소스 파일</Filter>
    </ClCompile>
    <ClCompile Include="P010_005.c">
      <Filter>소스 파일</Filter>
    </ClCompile>
    <ClCompile Include="P011_001.c">
      <Filter>소스 파일</Filter>
    </ClCompile>
    <ClCompile Include="P012_001.c">
      <Filter>소스 파일</Filter>
    </ClCompile>
    <ClCompile Include="P012_002.c">
      <Filter>소스 파일</Filter>
    </ClCompile>
    <ClCompile Include="P012_003.c">
      <Filter>소스 파일</Filter>
    </ClCompile>
    <ClCompile Include="P012_004.c">
      <Filter>소스 파일</Filter>
    </ClCompile>
    <ClCompile Include="P012_005.c">
      <Filter>소스 파일</Filter>
    </ClCompile>
    <ClCompile Include="P012_006.c">
      <Filter>소스 파일</Filter>
    </ClCompile>
    <ClCompile Include="P012_007.c">
      <Filter>소스 파일</Filter>
    </ClCompile>
    <ClCompile Include="P012_008.c">
      <Filter>소스 파일</Filter>
    </ClCompile>
    <ClCompile Include="P013_001.c">
      <Filter>소스 파일</Filter>
    </ClCompile>
    <ClCompile Include="P013_002.c">
      <Filter>소스 파일</Filter>
    </ClCompile>
    <ClCompile Include="P013_003.c">
      <Filter>소스 파일</Filter>
    </ClCompile>
    <ClCompile Include="P013_004.c">
      <Filter>소스 파일</Filter>
    </ClCompile>
    <ClCompile Include="P014_001.c">
      <Filter>소스 파일</Filter>
    </ClCompile>
    <ClCompile Include="P015_001.c">
      <Filter>소스 파일</Filter>
    </ClCompile>
    <ClCompile Include="P015_002.c">
      <Filter>소스 파일</Filter>
    </ClCompile>
    <ClCompile Include="P015_003.c">
      <Filter>소스 파일</Filter>
    </ClCompile>
    <ClCompile Include="P015_004.c">
      <Filter>소스 파일</Filter>
    </ClCompile>
    <ClCompile Include="P015_005.c">
      <Filter>소스 파일</Filter>
    </ClCompile>
    <ClCompile Include="P015_006.c">
      <Filter>소스 파일</Filter>
    </ClCompile>
    <ClCompile Include="P016_001.c">
      <Filter>소스 파일</Filter>
    </ClCompile>
    <ClCompile Include="P016_002.c">
      <Filter>소스 파일</Filter>
    </ClCompile>
    <ClCompile Include="P016_003.c">
      <Filter>소스 파일</Filter>
    </ClCompile>
    <ClCompile Include="P016_004.c">
      <Filter>소스 파일</Filter>
    </ClCompile>
    <ClCompile Include="P016_005.c">
      <Filter>소스 파일</Filter>
    </ClCompile>
    <ClCompile Include="P017_001.c">
      <Filter>소스 파일</Filter>
    </ClCompile>
    <ClCompile Include="P017_002.c">
      <Filter>소스 파일</Filter>
    </ClCompile>
    <ClCompile Include="P017_003.c">
      <Filter>소스 파일</Filter>
    </ClCompile>
    <ClCompile Include="P017_004.c">
      <Filter>소스 파일</Filter>
    </ClCompile>
    <ClCompile Include="P017_005.c">
      <Filter>소스 파일</Filter>
    </ClCompile>
    <ClCompile Include="P017_006.c">
      <Filter>소스 파일</Filter>
    </ClCompile>
    <ClCompile Include="P018_001.c">
      <Filter>소스 파일</Filter>
    </ClCompile>
    <ClCompile Include="P018_002.c">
      <Filter>소스 파일</Filter>
    </ClCompile>
    <ClCompile Include="P018_003.c">
      <Filter>소스 파일</Filter>
    </ClCompile>
    <ClCompile Include="P018_004.c">
      <Filter>소스 파일</Filter>
    </ClCompile>
    <ClCompile Include="P018_005.c">
      <Filter>소스 파일</Filter>
    </ClCompile>
    <ClCompile Include="P018_006.c">
      <Filter>소스 파일</Filter>
    </ClCompile>
    <ClCompile Include="P019_001.c">
      <Filter>소스 파일</Filter>
    </ClCompile>
    <ClCompile Include="P019_002.c">
      <Filter>소스 파일</Filter>
    </ClCompile>
    <ClCompile Include="P019_003.c">
      <Filter>소스 파일</Filter>
    </ClCompile>
    <ClCompile Include="P020_001.c">
      <Filter>소스 파일</Filter>
    </ClCompile>
    <ClCompile Include="P020_002.c">
      <Filter>소스 파일</Filter>
    </ClCompile>
    <ClCompile Include="P020_003.c">
      <Filter>소스 파일</Filter>
    </ClCompile>
    <ClCompile Include="P020_004.c">
      <Filter>소스 파일</Filter>
    </ClCompile>
    <ClCompile Include="P020_005.c">
      <Filter>소스 파일</Filter>
    </ClCompile>
    <ClCompile Include="P020_006.c">
      <Filter>소스 파일</Filter>
    </ClCompile>
    <ClCompile Include="P020_007.c">
      <Filter>소스 파일</Filter>
    </ClCompile>
    <ClCompile Include="P020_008.c">
      <Filter>소스 파일</Filter>
    </ClCompile>
    <ClCompile Include="P020_009.c">
      <Filter>소스 파일</Filter>
    </ClCompile>
    <ClCompile Include="P020_010.c">
      <Filter>소스 파일</Filter>
    </ClCompile>
    <ClCompile Include="P020_011.c">
      <Filter>소스 파일</Filter>
    </ClCompile>
    <ClCompile Include="P021_001.c">
      <Filter>소스 파일</Filter>
    </ClCompile>
    <ClCompile Include="P021_002.c">
      <Filter>소스 파일</Filter>
    </ClCompile>
    <ClCompile Include="P021_003.c">
      <Filter>소스 파일</Filter>
    </ClCompile>
    <ClCompile Include="P021_004.c">
      <Filter>소스 파일</Filter>
    </ClCompile>
    <ClCompile Include="P021_005.c">
      <Filter>소스 파일</Filter>
    </ClCompile>
    <ClCompile Include="P021_006.c">
      <Filter>소스 파일</Filter>
    </ClCompile>
    <ClCompile Include="P021_007.c">
      <Filter>소스 파일</Filter>
    </ClCompile>
    <ClCompile Include="P021_008.c">
      <Filter>소스 파일</Filter>
    </ClCompile>
    <ClCompile Include="P021_009.c">
      <Filter>소스 파일</Filter>
    </ClCompile>
    <ClCompile Include="P022_001.c">
      <Filter>소스 파일</Filter>
    </ClCompile>
    <ClCompile Include="P022_002.c">
      <Filter>소스 파일</Filter>
    </ClCompile>
    <ClCompile Include="P022_003.c">
      <Filter>소스 파일</Filter>
    </ClCompile>
    <ClCompile Include="P022_004.c">
      <Filter>소스 파일</Filter>
    </ClCompile>
    <ClCompile Include="P022_005.c">
      <Filter>소스 파일</Filter>
    </ClCompile>
    <ClCompile Include="P022_006.c">
      <Filter>소스 파일</Filter>
    </ClCompile>
    <ClCompile Include="P022_007.c">
      <Filter>소스 파일</Filter>
    </ClCompile>
    <ClCompile Include="P022_008.c">
      <Filter>소스 파일</Filter>
    </ClCompile>
    <ClCompile Include="P022_009.c">
      <Filter>소스 파일</Filter>
    </ClCompile>
    <ClCompile Include="P022_011.c">
      <Filter>소스 파일</Filter>
    </ClCompile>
    <ClCompile Include="P022_012.c">
      <Filter>소스 파일</Filter>
    </ClCompile>
    <ClCompile Include="P022_013.c">
      <Filter>소스 파일</Filter>
    </ClCompile>
    <ClCompile Include="P023_001.c">
      <Filter>소스 파일</Filter>
    </ClCompile>
    <ClCompile Include="P023_002.c">
      <Filter>소스 파일</Filter>
    </ClCompile>
    <ClCompile Include="P023_003.c">
      <Filter>소스 파일</Filter>
    </ClCompile>
    <ClCompile Include="P023_004.c">
      <Filter>소스 파일</Filter>
    </ClCompile>
    <ClCompile Include="P023_005.c">
      <Filter>소스 파일</Filter>
    </ClCompile>
    <ClCompile Include="P023_006.c">
      <Filter>소스 파일</Filter>
    </ClCompile>
    <ClCompile Include="P023_007.c">
      <Filter>소스 파일</Filter>
    </ClCompile>
    <ClCompile Include="P023_008.c">
      <Filter>소스 파일</Filter>
    </ClCompile>
    <ClCompile Include="P023_009.c">
      <Filter>소스 파일</Filter>
    </ClCompile>
    <ClCompile Include="P023_010.c">
      <Filter>소스 파일</Filter>
    </ClCompile>
    <ClCompile Include="P023_011.c">
      <Filter>소스 파일</Filter>
    </ClCompile>
    <ClCompile Include="P023_012.c">
      <Filter>소스 파일</Filter>
    </ClCompile>
    <ClCompile Include="P024_001.c">
      <Filter>소스 파일</Filter>
    </ClCompile>
    <ClCompile Include="P024_002.c">
      <Filter>소스 파일</Filter>
    </ClCompile>
    <ClCompile Include="P024_003.c">
      <Filter>소스 파일</Filter>
    </ClCompile>
    <ClCompile Include="P024_004.c">
      <Filter>소스 파일</Filter>
    </ClCompile>
    <ClCompile Include="P025_001.c">
      <Filter>소스 파일</Filter>
    </ClCompile>
    <ClCompile Include="P025_002.c">
      <Filter>소스 파일</Filter>
    </ClCompile>
    <ClCompile Include="P025_003.c">
      <Filter>소스 파일</Filter>
    </ClCompile>
    <ClCompile Include="P025_004.c">
      <Filter>소스 파일</Filter>
    </ClCompile>
    <ClCompile Include="P025_005.c">
      <Filter>소스 파일</Filter>
    </ClCompile>
    <ClCompile Include="P025_006.c">
      <Filter>소스 파일</Filter>
    </ClCompile>
    <ClCompile Include="P025_007.c">
      <Filter>소스 파일</Filter>
    </ClCompile>
    <ClCompile Include="P025_008.c">
      <Filter>소스 파일</Filter>
    </ClCompile>
    <ClCompile Include="P025_009.c">
      <Filter>소스 파일</Filter>
    </ClCompile>
    <ClCompile Include="P025_010.c">
      <Filter>소스 파일</Filter>
    </ClCompile>
    <ClCompile Include="P022_010.c">
      <Filter>소스 파일</Filter>
    </ClCompile>
    <ClCompile Include="P009_011.c">
      <Filter>소스 파일</Filter>
    </ClCompile>
    <ClCompile Include="P009_012.c">
      <Filter>소스 파일</Filter>
    </ClCompile>
    <ClCompile Include="P009_013.c">
      <Filter>소스 파일</Filter>
    </ClCompile>
  </ItemGroup>
</Project>